
Microsoft Visual Studio Solution File, Format Version 12.00
# Visual Studio Version 16
VisualStudioVersion = 16.0.29709.97
MinimumVisualStudioVersion = 10.0.40219.1
Project("{FAE04EC0-301F-11D3-BF4B-00C04F79EFBC}") = "XamarinImgSourceDemo.UWP", "XamarinImgSourceDemo\XamarinImgSourceDemo.UWP\XamarinImgSourceDemo.UWP.csproj", "{3EA4BFCE-3A5A-4644-873F-FC67074573D0}"
EndProject
Project("{FAE04EC0-301F-11D3-BF4B-00C04F79EFBC}") = "XamarinImgSourceDemo.Android", "XamarinImgSourceDemo\XamarinImgSourceDemo.Android\XamarinImgSourceDemo.Android.csproj", "{7B7D1A48-9516-412D-B825-E342793C678C}"
EndProject
Project("{FAE04EC0-301F-11D3-BF4B-00C04F79EFBC}") = "XamarinImgSourceDemo.iOS", "XamarinImgSourceDemo\XamarinImgSourceDemo.iOS\XamarinImgSourceDemo.iOS.csproj", "{882045BA-96FA-4104-B243-C8474350A217}"
EndProject
Project("{FAE04EC0-301F-11D3-BF4B-00C04F79EFBC}") = "XamarinImgSourceDemo", "XamarinImgSourceDemo\XamarinImgSourceDemo\XamarinImgSourceDemo.csproj", "{2BEAE0B1-9134-4CC8-B734-3C785C4A190F}"
EndProject
Global
	GlobalSection(SolutionConfigurationPlatforms) = preSolution
		Debug|Any CPU = Debug|Any CPU
		Debug|ARM = Debug|ARM
		Debug|iPhone = Debug|iPhone
		Debug|iPhoneSimulator = Debug|iPhoneSimulator
		Debug|x64 = Debug|x64
		Debug|x86 = Debug|x86
		Release|Any CPU = Release|Any CPU
		Release|ARM = Release|ARM
		Release|iPhone = Release|iPhone
		Release|iPhoneSimulator = Release|iPhoneSimulator
		Release|x64 = Release|x64
		Release|x86 = Release|x86
	EndGlobalSection
	GlobalSection(ProjectConfigurationPlatforms) = postSolution
		{3EA4BFCE-3A5A-4644-873F-FC67074573D0}.Debug|Any CPU.ActiveCfg = Debug|x86
		{3EA4BFCE-3A5A-4644-873F-FC67074573D0}.Debug|Any CPU.Build.0 = Debug|x86
		{3EA4BFCE-3A5A-4644-873F-FC67074573D0}.Debug|Any CPU.Deploy.0 = Debug|x86
		{3EA4BFCE-3A5A-4644-873F-FC67074573D0}.Debug|ARM.ActiveCfg = Debug|ARM
		{3EA4BFCE-3A5A-4644-873F-FC67074573D0}.Debug|ARM.Build.0 = Debug|ARM
		{3EA4BFCE-3A5A-4644-873F-FC67074573D0}.Debug|ARM.Deploy.0 = Debug|ARM
		{3EA4BFCE-3A5A-4644-873F-FC67074573D0}.Debug|iPhone.ActiveCfg = Debug|x86
		{3EA4BFCE-3A5A-4644-873F-FC67074573D0}.Debug|iPhone.Build.0 = Debug|x86
		{3EA4BFCE-3A5A-4644-873F-FC67074573D0}.Debug|iPhone.Deploy.0 = Debug|x86
		{3EA4BFCE-3A5A-4644-873F-FC67074573D0}.Debug|iPhoneSimulator.ActiveCfg = Debug|x86
		{3EA4BFCE-3A5A-4644-873F-FC67074573D0}.Debug|iPhoneSimulator.Build.0 = Debug|x86
		{3EA4BFCE-3A5A-4644-873F-FC67074573D0}.Debug|iPhoneSimulator.Deploy.0 = Debug|x86
		{3EA4BFCE-3A5A-4644-873F-FC67074573D0}.Debug|x64.ActiveCfg = Debug|x64
		{3EA4BFCE-3A5A-4644-873F-FC67074573D0}.Debug|x64.Build.0 = Debug|x64
		{3EA4BFCE-3A5A-4644-873F-FC67074573D0}.Debug|x64.Deploy.0 = Debug|x64
		{3EA4BFCE-3A5A-4644-873F-FC67074573D0}.Debug|x86.ActiveCfg = Debug|x86
		{3EA4BFCE-3A5A-4644-873F-FC67074573D0}.Debug|x86.Build.0 = Debug|x86
		{3EA4BFCE-3A5A-4644-873F-FC67074573D0}.Debug|x86.Deploy.0 = Debug|x86
		{3EA4BFCE-3A5A-4644-873F-FC67074573D0}.Release|Any CPU.ActiveCfg = Release|x86
		{3EA4BFCE-3A5A-4644-873F-FC67074573D0}.Release|Any CPU.Build.0 = Release|x86
		{3EA4BFCE-3A5A-4644-873F-FC67074573D0}.Release|Any CPU.Deploy.0 = Release|x86
		{3EA4BFCE-3A5A-4644-873F-FC67074573D0}.Release|ARM.ActiveCfg = Release|ARM
		{3EA4BFCE-3A5A-4644-873F-FC67074573D0}.Release|ARM.Build.0 = Release|ARM
		{3EA4BFCE-3A5A-4644-873F-FC67074573D0}.Release|ARM.Deploy.0 = Release|ARM
		{3EA4BFCE-3A5A-4644-873F-FC67074573D0}.Release|iPhone.ActiveCfg = Release|x86
		{3EA4BFCE-3A5A-4644-873F-FC67074573D0}.Release|iPhone.Build.0 = Release|x86
		{3EA4BFCE-3A5A-4644-873F-FC67074573D0}.Release|iPhone.Deploy.0 = Release|x86
		{3EA4BFCE-3A5A-4644-873F-FC67074573D0}.Release|iPhoneSimulator.ActiveCfg = Release|x86
		{3EA4BFCE-3A5A-4644-873F-FC67074573D0}.Release|iPhoneSimulator.Build.0 = Release|x86
		{3EA4BFCE-3A5A-4644-873F-FC67074573D0}.Release|iPhoneSimulator.Deploy.0 = Release|x86
		{3EA4BFCE-3A5A-4644-873F-FC67074573D0}.Release|x64.ActiveCfg = Release|x64
		{3EA4BFCE-3A5A-4644-873F-FC67074573D0}.Release|x64.Build.0 = Release|x64
		{3EA4BFCE-3A5A-4644-873F-FC67074573D0}.Release|x64.Deploy.0 = Release|x64
		{3EA4BFCE-3A5A-4644-873F-FC67074573D0}.Release|x86.ActiveCfg = Release|x86
		{3EA4BFCE-3A5A-4644-873F-FC67074573D0}.Release|x86.Build.0 = Release|x86
		{3EA4BFCE-3A5A-4644-873F-FC67074573D0}.Release|x86.Deploy.0 = Release|x86
		{7B7D1A48-9516-412D-B825-E342793C678C}.Debug|Any CPU.ActiveCfg = Debug|Any CPU
		{7B7D1A48-9516-412D-B825-E342793C678C}.Debug|Any CPU.Build.0 = Debug|Any CPU
		{7B7D1A48-9516-412D-B825-E342793C678C}.Debug|Any CPU.Deploy.0 = Debug|Any CPU
		{7B7D1A48-9516-412D-B825-E342793C678C}.Debug|ARM.ActiveCfg = Debug|Any CPU
		{7B7D1A48-9516-412D-B825-E342793C678C}.Debug|ARM.Build.0 = Debug|Any CPU
		{7B7D1A48-9516-412D-B825-E342793C678C}.Debug|ARM.Deploy.0 = Debug|Any CPU
		{7B7D1A48-9516-412D-B825-E342793C678C}.Debug|iPhone.ActiveCfg = Debug|Any CPU
		{7B7D1A48-9516-412D-B825-E342793C678C}.Debug|iPhone.Build.0 = Debug|Any CPU
		{7B7D1A48-9516-412D-B825-E342793C678C}.Debug|iPhone.Deploy.0 = Debug|Any CPU
		{7B7D1A48-9516-412D-B825-E342793C678C}.Debug|iPhoneSimulator.ActiveCfg = Debug|Any CPU
		{7B7D1A48-9516-412D-B825-E342793C678C}.Debug|iPhoneSimulator.Build.0 = Debug|Any CPU
		{7B7D1A48-9516-412D-B825-E342793C678C}.Debug|iPhoneSimulator.Deploy.0 = Debug|Any CPU
		{7B7D1A48-9516-412D-B825-E342793C678C}.Debug|x64.ActiveCfg = Debug|Any CPU
		{7B7D1A48-9516-412D-B825-E342793C678C}.Debug|x64.Build.0 = Debug|Any CPU
		{7B7D1A48-9516-412D-B825-E342793C678C}.Debug|x64.Deploy.0 = Debug|Any CPU
		{7B7D1A48-9516-412D-B825-E342793C678C}.Debug|x86.ActiveCfg = Debug|Any CPU
		{7B7D1A48-9516-412D-B825-E342793C678C}.Debug|x86.Build.0 = Debug|Any CPU
		{7B7D1A48-9516-412D-B825-E342793C678C}.Debug|x86.Deploy.0 = Debug|Any CPU
		{7B7D1A48-9516-412D-B825-E342793C678C}.Release|Any CPU.ActiveCfg = Release|Any CPU
		{7B7D1A48-9516-412D-B825-E342793C678C}.Release|Any CPU.Build.0 = Release|Any CPU
		{7B7D1A48-9516-412D-B825-E342793C678C}.Release|Any CPU.Deploy.0 = Release|Any CPU
		{7B7D1A48-9516-412D-B825-E342793C678C}.Release|ARM.ActiveCfg = Release|Any CPU
		{7B7D1A48-9516-412D-B825-E342793C678C}.Release|ARM.Build.0 = Release|Any CPU
		{7B7D1A48-9516-412D-B825-E342793C678C}.Release|ARM.Deploy.0 = Release|Any CPU
		{7B7D1A48-9516-412D-B825-E342793C678C}.Release|iPhone.ActiveCfg = Release|Any CPU
		{7B7D1A48-9516-412D-B825-E342793C678C}.Release|iPhone.Build.0 = Release|Any CPU
		{7B7D1A48-9516-412D-B825-E342793C678C}.Release|iPhone.Deploy.0 = Release|Any CPU
		{7B7D1A48-9516-412D-B825-E342793C678C}.Release|iPhoneSimulator.ActiveCfg = Release|Any CPU
		{7B7D1A48-9516-412D-B825-E342793C678C}.Release|iPhoneSimulator.Build.0 = Release|Any CPU
		{7B7D1A48-9516-412D-B825-E342793C678C}.Release|iPhoneSimulator.Deploy.0 = Release|Any CPU
		{7B7D1A48-9516-412D-B825-E342793C678C}.Release|x64.ActiveCfg = Release|Any CPU
		{7B7D1A48-9516-412D-B825-E342793C678C}.Release|x64.Build.0 = Release|Any CPU
		{7B7D1A48-9516-412D-B825-E342793C678C}.Release|x64.Deploy.0 = Release|Any CPU
		{7B7D1A48-9516-412D-B825-E342793C678C}.Release|x86.ActiveCfg = Release|Any CPU
		{7B7D1A48-9516-412D-B825-E342793C678C}.Release|x86.Build.0 = Release|Any CPU
		{7B7D1A48-9516-412D-B825-E342793C678C}.Release|x86.Deploy.0 = Release|Any CPU
		{882045BA-96FA-4104-B243-C8474350A217}.Debug|Any CPU.ActiveCfg = Debug|iPhone
		{882045BA-96FA-4104-B243-C8474350A217}.Debug|Any CPU.Build.0 = Debug|iPhone
		{882045BA-96FA-4104-B243-C8474350A217}.Debug|Any CPU.Deploy.0 = Debug|iPhone
		{882045BA-96FA-4104-B243-C8474350A217}.Debug|ARM.ActiveCfg = Debug|iPhoneSimulator
		{882045BA-96FA-4104-B243-C8474350A217}.Debug|ARM.Build.0 = Debug|iPhoneSimulator
		{882045BA-96FA-4104-B243-C8474350A217}.Debug|ARM.Deploy.0 = Debug|iPhoneSimulator
		{882045BA-96FA-4104-B243-C8474350A217}.Debug|iPhone.ActiveCfg = Debug|iPhone
		{882045BA-96FA-4104-B243-C8474350A217}.Debug|iPhone.Build.0 = Debug|iPhone
		{882045BA-96FA-4104-B243-C8474350A217}.Debug|iPhone.Deploy.0 = Debug|iPhone
		{882045BA-96FA-4104-B243-C8474350A217}.Debug|iPhoneSimulator.ActiveCfg = Debug|iPhoneSimulator
		{882045BA-96FA-4104-B243-C8474350A217}.Debug|iPhoneSimulator.Build.0 = Debug|iPhoneSimulator
		{882045BA-96FA-4104-B243-C8474350A217}.Debug|iPhoneSimulator.Deploy.0 = Debug|iPhoneSimulator
		{882045BA-96FA-4104-B243-C8474350A217}.Debug|x64.ActiveCfg = Debug|iPhone
		{882045BA-96FA-4104-B243-C8474350A217}.Debug|x64.Build.0 = Debug|iPhone
		{882045BA-96FA-4104-B243-C8474350A217}.Debug|x64.Deploy.0 = Debug|iPhone
		{882045BA-96FA-4104-B243-C8474350A217}.Debug|x86.ActiveCfg = Debug|iPhone
		{882045BA-96FA-4104-B243-C8474350A217}.Debug|x86.Build.0 = Debug|iPhone
		{882045BA-96FA-4104-B243-C8474350A217}.Debug|x86.Deploy.0 = Debug|iPhone
		{882045BA-96FA-4104-B243-C8474350A217}.Release|Any CPU.ActiveCfg = Release|iPhone
		{882045BA-96FA-4104-B243-C8474350A217}.Release|Any CPU.Build.0 = Release|iPhone
		{882045BA-96FA-4104-B243-C8474350A217}.Release|Any CPU.Deploy.0 = Release|iPhone
		{882045BA-96FA-4104-B243-C8474350A217}.Release|ARM.ActiveCfg = Release|iPhone
		{882045BA-96FA-4104-B243-C8474350A217}.Release|ARM.Build.0 = Release|iPhone
		{882045BA-96FA-4104-B243-C8474350A217}.Release|ARM.Deploy.0 = Release|iPhone
		{882045BA-96FA-4104-B243-C8474350A217}.Release|iPhone.ActiveCfg = Release|iPhone
		{882045BA-96FA-4104-B243-C8474350A217}.Release|iPhone.Build.0 = Release|iPhone
		{882045BA-96FA-4104-B243-C8474350A217}.Release|iPhone.Deploy.0 = Release|iPhone
		{882045BA-96FA-4104-B243-C8474350A217}.Release|iPhoneSimulator.ActiveCfg = Release|iPhoneSimulator
		{882045BA-96FA-4104-B243-C8474350A217}.Release|iPhoneSimulator.Build.0 = Release|iPhoneSimulator
		{882045BA-96FA-4104-B243-C8474350A217}.Release|iPhoneSimulator.Deploy.0 = Release|iPhoneSimulator
		{882045BA-96FA-4104-B243-C8474350A217}.Release|x64.ActiveCfg = Release|iPhone
		{882045BA-96FA-4104-B243-C8474350A217}.Release|x64.Build.0 = Release|iPhone
		{882045BA-96FA-4104-B243-C8474350A217}.Release|x64.Deploy.0 = Release|iPhone
		{882045BA-96FA-4104-B243-C8474350A217}.Release|x86.ActiveCfg = Release|iPhone
		{882045BA-96FA-4104-B243-C8474350A217}.Release|x86.Build.0 = Release|iPhone
		{882045BA-96FA-4104-B243-C8474350A217}.Release|x86.Deploy.0 = Release|iPhone
		{2BEAE0B1-9134-4CC8-B734-3C785C4A190F}.Debug|Any CPU.ActiveCfg = Debug|Any CPU
		{2BEAE0B1-9134-4CC8-B734-3C785C4A190F}.Debug|Any CPU.Build.0 = Debug|Any CPU
		{2BEAE0B1-9134-4CC8-B734-3C785C4A190F}.Debug|Any CPU.Deploy.0 = Debug|Any CPU
		{2BEAE0B1-9134-4CC8-B734-3C785C4A190F}.Debug|ARM.ActiveCfg = Debug|Any CPU
		{2BEAE0B1-9134-4CC8-B734-3C785C4A190F}.Debug|ARM.Build.0 = Debug|Any CPU
		{2BEAE0B1-9134-4CC8-B734-3C785C4A190F}.Debug|ARM.Deploy.0 = Debug|Any CPU
		{2BEAE0B1-9134-4CC8-B734-3C785C4A190F}.Debug|iPhone.ActiveCfg = Debug|Any CPU
		{2BEAE0B1-9134-4CC8-B734-3C785C4A190F}.Debug|iPhone.Build.0 = Debug|Any CPU
		{2BEAE0B1-9134-4CC8-B734-3C785C4A190F}.Debug|iPhone.Deploy.0 = Debug|Any CPU
		{2BEAE0B1-9134-4CC8-B734-3C785C4A190F}.Debug|iPhoneSimulator.ActiveCfg = Debug|Any CPU
		{2BEAE0B1-9134-4CC8-B734-3C785C4A190F}.Debug|iPhoneSimulator.Build.0 = Debug|Any CPU
		{2BEAE0B1-9134-4CC8-B734-3C785C4A190F}.Debug|iPhoneSimulator.Deploy.0 = Debug|Any CPU
		{2BEAE0B1-9134-4CC8-B734-3C785C4A190F}.Debug|x64.ActiveCfg = Debug|Any CPU
		{2BEAE0B1-9134-4CC8-B734-3C785C4A190F}.Debug|x64.Build.0 = Debug|Any CPU
		{2BEAE0B1-9134-4CC8-B734-3C785C4A190F}.Debug|x64.Deploy.0 = Debug|Any CPU
		{2BEAE0B1-9134-4CC8-B734-3C785C4A190F}.Debug|x86.ActiveCfg = Debug|Any CPU
		{2BEAE0B1-9134-4CC8-B734-3C785C4A190F}.Debug|x86.Build.0 = Debug|Any CPU
		{2BEAE0B1-9134-4CC8-B734-3C785C4A190F}.Debug|x86.Deploy.0 = Debug|Any CPU
		{2BEAE0B1-9134-4CC8-B734-3C785C4A190F}.Release|Any CPU.ActiveCfg = Release|Any CPU
		{2BEAE0B1-9134-4CC8-B734-3C785C4A190F}.Release|Any CPU.Build.0 = Release|Any CPU
		{2BEAE0B1-9134-4CC8-B734-3C785C4A190F}.Release|Any CPU.Deploy.0 = Release|Any CPU
		{2BEAE0B1-9134-4CC8-B734-3C785C4A190F}.Release|ARM.ActiveCfg = Release|Any CPU
		{2BEAE0B1-9134-4CC8-B734-3C785C4A190F}.Release|ARM.Build.0 = Release|Any CPU
		{2BEAE0B1-9134-4CC8-B734-3C785C4A190F}.Release|ARM.Deploy.0 = Release|Any CPU
		{2BEAE0B1-9134-4CC8-B734-3C785C4A190F}.Release|iPhone.ActiveCfg = Release|Any CPU
		{2BEAE0B1-9134-4CC8-B734-3C785C4A190F}.Release|iPhone.Build.0 = Release|Any CPU
		{2BEAE0B1-9134-4CC8-B734-3C785C4A190F}.Release|iPhone.Deploy.0 = Release|Any CPU
		{2BEAE0B1-9134-4CC8-B734-3C785C4A190F}.Release|iPhoneSimulator.ActiveCfg = Release|Any CPU
		{2BEAE0B1-9134-4CC8-B734-3C785C4A190F}.Release|iPhoneSimulator.Build.0 = Release|Any CPU
		{2BEAE0B1-9134-4CC8-B734-3C785C4A190F}.Release|iPhoneSimulator.Deploy.0 = Release|Any CPU
		{2BEAE0B1-9134-4CC8-B734-3C785C4A190F}.Release|x64.ActiveCfg = Release|Any CPU
		{2BEAE0B1-9134-4CC8-B734-3C785C4A190F}.Release|x64.Build.0 = Release|Any CPU
		{2BEAE0B1-9134-4CC8-B734-3C785C4A190F}.Release|x64.Deploy.0 = Release|Any CPU
		{2BEAE0B1-9134-4CC8-B734-3C785C4A190F}.Release|x86.ActiveCfg = Release|Any CPU
		{2BEAE0B1-9134-4CC8-B734-3C785C4A190F}.Release|x86.Build.0 = Release|Any CPU
		{2BEAE0B1-9134-4CC8-B734-3C785C4A190F}.Release|x86.Deploy.0 = Release|Any CPU
	EndGlobalSection
	GlobalSection(SolutionProperties) = preSolution
		HideSolutionNode = FALSE
	EndGlobalSection
	GlobalSection(ExtensibilityGlobals) = postSolution
		SolutionGuid = {93771B21-B294-4D1A-8E1B-6532F0F94B62}
	EndGlobalSection
EndGlobal
